// !$*UTF8*$!
{
	archiveVersion = 1;
	classes = {
	};
	objectVersion = 46;
	objects = {

/* Begin PBXBuildFile section */
		709594EB1D26422700BBADAA /* AppDelegate.swift in Sources */ = {isa = PBXBuildFile; fileRef = 709594EA1D26422700BBADAA /* AppDelegate.swift */; };
		709594ED1D26422700BBADAA /* ViewController.swift in Sources */ = {isa = PBXBuildFile; fileRef = 709594EC1D26422700BBADAA /* ViewController.swift */; };
		709594F01D26422700BBADAA /* Main.storyboard in Resources */ = {isa = PBXBuildFile; fileRef = 709594EE1D26422700BBADAA /* Main.storyboard */; };
		709594F21D26422700BBADAA /* Assets.xcassets in Resources */ = {isa = PBXBuildFile; fileRef = 709594F11D26422700BBADAA /* Assets.xcassets */; };
		709594F51D26422700BBADAA /* LaunchScreen.storyboard in Resources */ = {isa = PBXBuildFile; fileRef = 709594F31D26422700BBADAA /* LaunchScreen.storyboard */; };
/* End PBXBuildFile section */

/* Begin PBXFileReference section */
		709594E71D26422600BBADAA /* IPL.app */ = {isa = PBXFileReference; explicitFileType = wrapper.application; includeInIndex = 0; path = IPL.app; sourceTree = BUILT_PRODUCTS_DIR; };
		709594EA1D26422700BBADAA /* AppDelegate.swift */ = {isa = PBXFileReference; lastKnownFileType = sourcecode.swift; path = AppDelegate.swift; sourceTree = "<group>"; };
		709594EC1D26422700BBADAA /* ViewController.swift */ = {isa = PBXFileReference; lastKnownFileType = sourcecode.swift; path = ViewController.swift; sourceTree = "<group>"; };
		709594EF1D26422700BBADAA /* Base */ = {isa = PBXFileReference; lastKnownFileType = file.storyboard; name = Base; path = Base.lproj/Main.storyboard; sourceTree = "<group>"; };
		709594F11D26422700BBADAA /* Assets.xcassets */ = {isa = PBXFileReference; lastKnownFileType = folder.assetcatalog; path = Assets.xcassets; sourceTree = "<group>"; };
		709594F41D26422700BBADAA /* Base */ = {isa = PBXFileReference; lastKnownFileType = file.storyboard; name = Base; path = Base.lproj/LaunchScreen.storyboard; sourceTree = "<group>"; };
		709594F61D26422800BBADAA /* Info.plist */ = {isa = PBXFileReference; lastKnownFileType = text.plist.xml; path = Info.plist; sourceTree = "<group>"; };
/* End PBXFileReference section */

/* Begin PBXFrameworksBuildPhase section */
		709594E41D26422500BBADAA /* Frameworks */ = {
			isa = PBXFrameworksBuildPhase;
			buildActionMask = 2147483647;
			files = (
			);
			runOnlyForDeploymentPostprocessing = 0;
		};
/* End PBXFrameworksBuildPhase section */

/* Begin PBXGroup section */
		709594DE1D26422500BBADAA = {
			isa = PBXGroup;
			children = (
				709594E91D26422600BBADAA /* IPL */,
				709594E81D26422600BBADAA /* Products */,
			);
			sourceTree = "<group>";
		};
		709594E81D26422600BBADAA /* Products */ = {
			isa = PBXGroup;
			children = (
				709594E71D26422600BBADAA /* IPL.app */,
			);
			name = Products;
			sourceTree = "<group>";
		};
		709594E91D26422600BBADAA /* IPL */ = {
			isa = PBXGroup;
			children = (
				709594EA1D26422700BBADAA /* AppDelegate.swift */,
				709594EC1D26422700BBADAA /* ViewController.swift */,
				709594EE1D26422700BBADAA /* Main.storyboard */,
				709594F11D26422700BBADAA /* Assets.xcassets */,
				709594F31D26422700BBADAA /* LaunchScreen.storyboard */,
				709594F61D26422800BBADAA /* Info.plist */,
			);
			path = IPL;
			sourceTree = "<group>";
		};
/* End PBXGroup section */

/* Begin PBXNativeTarget section */
		709594E61D26422500BBADAA /* IPL */ = {
			isa = PBXNativeTarget;
			buildConfigurationList = 709594F91D26422800BBADAA /* Build configuration list for PBXNativeTarget "IPL" */;
			buildPhases = (
				709594E31D26422500BBADAA /* Sources */,
				709594E41D26422500BBADAA /* Frameworks */,
				709594E51D26422500BBADAA /* Resources */,
			);
			buildRules = (
			);
			dependencies = (
			);
			name = IPL;
			productName = IPL;
			productReference = 709594E71D26422600BBADAA /* IPL.app */;
			productType = "com.apple.product-type.application";
		};
/* End PBXNativeTarget section */

/* Begin PBXProject section */
		709594DF1D26422500BBADAA /* Project object */ = {
			isa = PBXProject;
			attributes = {
				LastSwiftUpdateCheck = 0710;
				LastUpgradeCheck = 0710;
				ORGANIZATIONNAME = bridgelabz;
				TargetAttributes = {
					709594E61D26422500BBADAA = {
						CreatedOnToolsVersion = 7.1.1;
						DevelopmentTeam = MV3K92N2Q4;
					};
				};
			};
			buildConfigurationList = 709594E21D26422500BBADAA /* Build configuration list for PBXProject "IPL" */;
			compatibilityVersion = "Xcode 3.2";
			developmentRegion = English;
			hasScannedForEncodings = 0;
			knownRegions = (
				en,
				Base,
			);
			mainGroup = 709594DE1D26422500BBADAA;
			productRefGroup = 709594E81D26422600BBADAA /* Products */;
			projectDirPath = "";
			projectRoot = "";
			targets = (
				709594E61D26422500BBADAA /* IPL */,
			);
		};
/* End PBXProject section */

/* Begin PBXResourcesBuildPhase section */
		709594E51D26422500BBADAA /* Resources */ = {
			isa = PBXResourcesBuildPhase;
			buildActionMask = 2147483647;
			files = (
				709594F51D26422700BBADAA /* LaunchScreen.storyboard in Resources */,
				709594F21D26422700BBADAA /* Assets.xcassets in Resources */,
				709594F01D26422700BBADAA /* Main.storyboard in Resources */,
			);
			runOnlyForDeploymentPostprocessing = 0;
		};
/* End PBXResourcesBuildPhase section */

/* Begin PBXSourcesBuildPhase section */
		709594E31D26422500BBADAA /* Sources */ = {
			isa = PBXSourcesBuildPhase;
			buildActionMask = 2147483647;
			files = (
				709594ED1D26422700BBADAA /* ViewController.swift in Sources */,
				709594EB1D26422700BBADAA /* AppDelegate.swift in Sources */,
			);
			runOnlyForDeploymentPostprocessing = 0;
		};
/* End PBXSourcesBuildPhase section */

/* Begin PBXVariantGroup section */
		709594EE1D26422700BBADAA /* Main.storyboard */ = {
			isa = PBXVariantGroup;
			children = (
				709594EF1D26422700BBADAA /* Base */,
			);
			name = Main.storyboard;
			sourceTree = "<group>";
		};
		709594F31D26422700BBADAA /* LaunchScreen.storyboard */ = {
			isa = PBXVariantGroup;
			children = (
				709594F41D26422700BBADAA /* Base */,
			);
			name = LaunchScreen.storyboard;
			sourceTree = "<group>";
		};
/* End PBXVariantGroup section */

/* Begin XCBuildConfiguration section */
		709594F71D26422800BBADAA /* Debug */ = {
			isa = XCBuildConfiguration;
			buildSettings = {
				ALWAYS_SEARCH_USER_PATHS = NO;
				CLANG_CXX_LANGUAGE_STANDARD = "gnu++0x";
				CLANG_CXX_LIBRARY = "libc++";
				CLANG_ENABLE_MODULES = YES;
				CLANG_ENABLE_OBJC_ARC = YES;
				CLANG_WARN_BOOL_CONVERSION = YES;
				CLANG_WARN_CONSTANT_CONVERSION = YES;
				CLANG_WARN_DIRECT_OBJC_ISA_USAGE = YES_ERROR;
				CLANG_WARN_EMPTY_BODY = YES;
				CLANG_WARN_ENUM_CONVERSION = YES;
				CLANG_WARN_INT_CONVERSION = YES;
				CLANG_WARN_OBJC_ROOT_CLASS = YES_ERROR;
				CLANG_WARN_UNREACHABLE_CODE = YES;
				CLANG_WARN__DUPLICATE_METHOD_MATCH = YES;
				"CODE_SIGN_IDENTITY[sdk=iphoneos*]" = "iPhone Developer";
				COPY_PHASE_STRIP = NO;
				DEBUG_INFORMATION_FORMAT = dwarf;
				ENABLE_STRICT_OBJC_MSGSEND = YES;
				ENABLE_TESTABILITY = YES;
				GCC_C_LANGUAGE_STANDARD = gnu99;
				GCC_DYNAMIC_NO_PIC = NO;
				GCC_NO_COMMON_BLOCKS = YES;
				GCC_OPTIMIZATION_LEVEL = 0;
				GCC_PREPROCESSOR_DEFINITIONS = (
					"DEBUG=1",
					"$(inherited)",
				);
				GCC_WARN_64_TO_32_BIT_CONVERSION = YES;
				GCC_WARN_ABOUT_RETURN_TYPE = YES_ERROR;
				GCC_WARN_UNDECLARED_SELECTOR = YES;
				GCC_WARN_UNINITIALIZED_AUTOS = YES_AGGRESSIVE;
				GCC_WARN_UNUSED_FUNCTION = YES;
				GCC_WARN_UNUSED_VARIABLE = YES;
				IPHONEOS_DEPLOYMENT_TARGET = 9.1;
				MTL_ENABLE_DEBUG_INFO = YES;
				ONLY_ACTIVE_ARCH = YES;
				SDKROOT = iphoneos;
				SWIFT_OPTIMIZATION_LEVEL = "-Onone";
			};
			name = Debug;
		};
		709594F81D26422800BBADAA /* Release */ = {
			isa = XCBuildConfiguration;
			buildSettings = {
				ALWAYS_SEARCH_USER_PATHS = NO;
				CLANG_CXX_LANGUAGE_STANDARD = "gnu++0x";
				CLANG_CXX_LIBRARY = "libc++";
				CLANG_ENABLE_MODULES = YES;
				CLANG_ENABLE_OBJC_ARC = YES;
				CLANG_WARN_BOOL_CONVERSION = YES;
				CLANG_WARN_CONSTANT_CONVERSION = YES;
				CLANG_WARN_DIRECT_OBJC_ISA_USAGE = YES_ERROR;
				CLANG_WARN_EMPTY_BODY = YES;
				CLANG_WARN_ENUM_CONVERSION = YES;
				CLANG_WARN_INT_CONVERSION = YES;
				CLANG_WARN_OBJC_ROOT_CLASS = YES_ERROR;
				CLANG_WARN_UNREACHABLE_CODE = YES;
				CLANG_WARN__DUPLICATE_METHOD_MATCH = YES;
				"CODE_SIGN_IDENTITY[sdk=iphoneos*]" = "iPhone Developer";
				COPY_PHASE_STRIP = NO;
				DEBUG_INFORMATION_FORMAT = "dwarf-with-dsym";
				ENABLE_NS_ASSERTIONS = NO;
				ENABLE_STRICT_OBJC_MSGSEND = YES;
				GCC_C_LANGUAGE_STANDARD = gnu99;
				GCC_NO_COMMON_BLOCKS = YES;
				GCC_WARN_64_TO_32_BIT_CONVERSION = YES;
				GCC_WARN_ABOUT_RETURN_TYPE = YES_ERROR;
				GCC_WARN_UNDECLARED_SELECTOR = YES;
				GCC_WARN_UNINITIALIZED_AUTOS = YES_AGGRESSIVE;
				GCC_WARN_UNUSED_FUNCTION = YES;
				GCC_WARN_UNUSED_VARIABLE = YES;
				IPHONEOS_DEPLOYMENT_TARGET = 9.1;
				MTL_ENABLE_DEBUG_INFO = NO;
				SDKROOT = iphoneos;
				VALIDATE_PRODUCT = YES;
			};
			name = Release;
		};
		709594FA1D26422800BBADAA /* Debug */ = {
			isa = XCBuildConfiguration;
			buildSettings = {
				ASSETCATALOG_COMPILER_APPICON_NAME = AppIcon;
				INFOPLIST_FILE = IPL/Info.plist;
				LD_RUNPATH_SEARCH_PATHS = "$(inherited) @executable_path/Frameworks";
				PRODUCT_BUNDLE_IDENTIFIER = bridgelabz.IPL;
				PRODUCT_NAME = "$(TARGET_NAME)";
			};
			name = Debug;
		};
		709594FB1D26422800BBADAA /* Release */ = {
			isa = XCBuildConfiguration;
			buildSettings = {
				ASSETCATALOG_COMPILER_APPICON_NAME = AppIcon;
				INFOPLIST_FILE = IPL/Info.plist;
				LD_RUNPATH_SEARCH_PATHS = "$(inherited) @executable_path/Frameworks";
				PRODUCT_BUNDLE_IDENTIFIER = bridgelabz.IPL;
				PRODUCT_NAME = "$(TARGET_NAME)";
			};
			name = Release;
		};
/* End XCBuildConfiguration section */

/* Begin XCConfigurationList section */
		709594E21D26422500BBADAA /* Build configuration list for PBXProject "IPL" */ = {
			isa = XCConfigurationList;
			buildConfigurations = (
				709594F71D26422800BBADAA /* Debug */,
				709594F81D26422800BBADAA /* Release */,
			);
			defaultConfigurationIsVisible = 0;
			defaultConfigurationName = Release;
		};
		709594F91D26422800BBADAA /* Build configuration list for PBXNativeTarget "IPL" */ = {
			isa = XCConfigurationList;
			buildConfigurations = (
				709594FA1D26422800BBADAA /* Debug */,
				709594FB1D26422800BBADAA /* Release */,
			);
			defaultConfigurationIsVisible = 0;
		};
/* End XCConfigurationList section */
	};
	rootObject = 709594DF1D26422500BBADAA /* Project object */;
}
